
Microsoft Visual Studio Solution File, Format Version 12.00
Project("{FAE04EC0-301F-11D3-BF4B-00C04F79EFBC}") = "DropBear.Codex.Preflight", "DropBear.Codex.Preflight\DropBear.Codex.Preflight.csproj", "{6292EA08-72AE-4509-8AD2-BC8ED077DD83}"
EndProject
Global
	GlobalSection(SolutionConfigurationPlatforms) = preSolution
		Debug|Any CPU = Debug|Any CPU
		Release|Any CPU = Release|Any CPU
	EndGlobalSection
	GlobalSection(ProjectConfigurationPlatforms) = postSolution
		{6292EA08-72AE-4509-8AD2-BC8ED077DD83}.Debug|Any CPU.ActiveCfg = Debug|Any CPU
		{6292EA08-72AE-4509-8AD2-BC8ED077DD83}.Debug|Any CPU.Build.0 = Debug|Any CPU
		{6292EA08-72AE-4509-8AD2-BC8ED077DD83}.Release|Any CPU.ActiveCfg = Release|Any CPU
		{6292EA08-72AE-4509-8AD2-BC8ED077DD83}.Release|Any CPU.Build.0 = Release|Any CPU
	EndGlobalSection
EndGlobal
